
Microsoft Visual Studio Solution File, Format Version 10.00
# Visual Studio 2008
Project("{FAE04EC0-301F-11D3-BF4B-00C04F79EFBC}") = "Trabalho Bingo", "Trabalho Bingo\Trabalho Bingo.csproj", "{6A279423-BF1D-4075-8042-B8AE1FC993CB}"
EndProject
Global
	GlobalSection(SolutionConfigurationPlatforms) = preSolution
		Debug|Any CPU = Debug|Any CPU
		Release|Any CPU = Release|Any CPU
	EndGlobalSection
	GlobalSection(ProjectConfigurationPlatforms) = postSolution
		{6A279423-BF1D-4075-8042-B8AE1FC993CB}.Debug|Any CPU.ActiveCfg = Debug|Any CPU
		{6A279423-BF1D-4075-8042-B8AE1FC993CB}.Debug|Any CPU.Build.0 = Debug|Any CPU
		{6A279423-BF1D-4075-8042-B8AE1FC993CB}.Release|Any CPU.ActiveCfg = Release|Any CPU
		{6A279423-BF1D-4075-8042-B8AE1FC993CB}.Release|Any CPU.Build.0 = Release|Any CPU
	EndGlobalSection
	GlobalSection(SolutionProperties) = preSolution
		HideSolutionNode = FALSE
	EndGlobalSection
EndGlobal
